Lr! D�CDD�R3�91!4�!!H,@�D@�-���yhrG���m�ޗ��k7��]oz�"�}5ַ��[�vm�����"���ɪ�H�o�k7��&������k7��Mu�������{��oF�׷��^��:�Ny���m�`��%{�%��r���}5�KޮȨ�Mw淬�[�vm�����"���ɪ�H�o࢈%{�%��r������&����]����N}���q�y����^k�{sG7~}��|�Ɲz��u�܉�������]7j��-t��'q�~���jmz���j׾z���%j�7�gn�W�����G��m�{^����
(�W�j�h����N�����Z �����ۙ����u�jzZ8�Jު笷n�ҷ��/�z���ݴ��e�ߚ�����ky���K-����ޞ�5�[-�)���+��~����Ka����m��
(�W�rZ.w���b�{>zk�j�+�M>jZakm�z�"�}t�楦�淬�[�vm�����"���ɪ�H�o࢈%{�%��~�ܶ*'�禺V�������rب�Ϟ��Z����M>jZaknm�6��w��͸������_s~���7�~[ٯy�^���zw"z�(�	^��h��춊ځ�vէf�8�ӎڎ�vٺ��Z�ǫ�^�rX����{m6��%��5�g(�����+{}u{kz�8מ ��%{�k��>~)^�Mv�
(�W��+6�] ����
�s^5��i����-u�ihu�!�^���&��tҸ�����[����lz���,ޮ�t�٩�M����]0�{-�}��&���4�
(�W�rZ.w�-���{]���슉��Z޲�oy�m��?�����k�&��� r���� �����h����춊ځ��[`ͭ����[����ti�<}�<�\�t�שzw^�Ȟ�
(�W�rZ.w�(�j'�]�j��-tѫ2�ʹ��'q�~���jmy���j׾z���%j�7�gn�W�����G�����M rϫz˦i�^��e��t�HZ�������ږ'Z�*'�mb�}5�)��ܩzʹ��{]��驉���{-����ޞ�5�[-�)���+��~����Ka����m��ܩz�ڞ�j��םx��i��ޮȨ�^u�楦�z�%��a��l��ނ+-�,��zd��&�ܩz�ڞ�j����ڞ�j���^u�楦��=�u�4s���8i״��8��|���v�i�|��r��?m�돣�]���슉�ۚ޲�oy�m��?�����k�&��� r���*^��ڱ��;?��ڱ��;>�nm�>|ٽ��z���m�:ѭ���;����5w��w�r��?r$�֫׽�z�"�}{޷��[�vm�����"���ɪ�H�o�ʗ���h�'Z���r$�֫�^���k���v��ޜ�W��}����Ӟ^u��u��q��z��u�܉�-ʗ��zzܩz�޽������*'�]+z�%��a��l��ނ+-�,��zd��&�ܩz�޽�����z���ϵ�K`���շ����s_8�7���;o�=��t�Ǵ�ܩz�߳籶���kޮȨ��6��(�����i���z����j��(��r��?~Ϟ�����߳籶���M��>���[m�9���m�6��Z�w=o��w�;��m�^���zw"z�r��?��^�*^��%��ޮȨ��7淬�[�vm�����"���ɪ�H�o�ʗ��	ho���Z��7��3է��W<�gq�xӎ7o��ێ�ۗ<�_=}�u�^�קr'��*^���z{l�*^����)���mʗ��zzܩz��ji��;6�~oz�"�}�ߚ޲�oy�m��?�����k�&��� r���*^��Z�g�����������ߛ`϶�s�ts�y�w{m�}�<wf�}���κk���ܩz��jɢ����o���Z��슉��m�jZaj���[�vm�����"���ɪ�H�o�ʗ��6��)����jɢ���m�jZaj�3y�y�7}�6y�����}�um�7�G8�w��߷*^����)���oz�"�}�޷��[�vm�����"���ɪ�H�o�ʗ��h��f�r��h��f�r��{`�w\kG�}��Ms�u�\��}��v��u�}vܩz��ׯz�"�4��޲�oy�m��?�����k�&��� r���*^���u���z{�4��`�ζӮ����nuq�5�ݞ��6�w�9�z�ܩz��׺��-ʗ��z{�8����*'�O<��(�����i���z����j��(��r��?��^���׾�O<���_�V���k_�f�s���o;�Ʒ{wxo��ʗ���4�kޮȨ�M7ڷ��[�vm�����"���ɪ�H�o�ʗ��������}��6����<��wۗZ�M�i���f��o5�G4s�r��?��^�+���v��z������*'�N�z�%��a��l��ނ+-�,��zd��&�ܩz��zW�����ݮ+ޯ����^�+���v��z��ӻ`ϗw�]�զ�q�<o��޼ݭ���{�]�i�|~ܩz��zW�����ݮ+ޯnwߛr��?��^�+���v��z���oz�"�}�ߍ�z�%��a��l��ނ+-�,��zd��&�ܩz��zW�����ݮ+ޯ����^�+���v��z���~6��������ӝ�u��ٯ=�]i�|��5���q�-ʗ���^�X�ӿ/z�"�};򷬢[�vm�����"���ɪ�H�o�ʗ���^�X�����e�ϴ��`φ�w���ݺ{�����F�㍟w���^[uשzw^�Ȟ�ܩz�����ʗ��zzܩz����{隧Nu��슉��Z޲�oy�m��?�����k�&��� r���*^��(���f������{隧�9��3���u�]Ӧ�߽��]�秞m��kg�wG��~��*^��2�צ��5�}�z�"�}5�}�z�%��a��l��ނ+-�,��zd��&�ܩz����^�;?��2�צ�ϴ������m8s�m�۾]�\�G�ם����yknjǺ�M���슉��Z޲�oy�m��?�����k�&��� r�������{�>�mm�6�ݮ6�N���|�9Ӯ^��m�xs~\�4��R8ԭ���N	H�R����]���슉��Z޲�oy�m��?�����k�&��� r��%#�J��jo����5+ky���}m�>������5u��{^�շ�~�ݾ�s�=�{��^���zw"z��zZ�ǵ�Ka���